
Microsoft Visual Studio Solution File, Format Version 12.00
# Visual Studio 15
VisualStudioVersion = 15.0.26730.16
MinimumVisualStudioVersion = 10.0.40219.1
Project("{FAE04EC0-301F-11D3-BF4B-00C04F79EFBC}") = "Zoo", "Zoo\Zoo.csproj", "{A033D4CC-3AD0-465E-A5E9-5CD3A3D1E550}"
EndProject
Project("{FAE04EC0-301F-11D3-BF4B-00C04F79EFBC}") = "ZooMain", "ZooMain\ZooMain.csproj", "{C62DF9E3-AA6E-4018-85DC-E037977DB3C5}"
EndProject
Global
	GlobalSection(SolutionConfigurationPlatforms) = preSolution
		Debug|Any CPU = Debug|Any CPU
		Release|Any CPU = Release|Any CPU
	EndGlobalSection
	GlobalSection(ProjectConfigurationPlatforms) = postSolution
		{A033D4CC-3AD0-465E-A5E9-5CD3A3D1E550}.Debug|Any CPU.ActiveCfg = Debug|Any CPU
		{A033D4CC-3AD0-465E-A5E9-5CD3A3D1E550}.Debug|Any CPU.Build.0 = Debug|Any CPU
		{A033D4CC-3AD0-465E-A5E9-5CD3A3D1E550}.Release|Any CPU.ActiveCfg = Release|Any CPU
		{A033D4CC-3AD0-465E-A5E9-5CD3A3D1E550}.Release|Any CPU.Build.0 = Release|Any CPU
		{C62DF9E3-AA6E-4018-85DC-E037977DB3C5}.Debug|Any CPU.ActiveCfg = Debug|Any CPU
		{C62DF9E3-AA6E-4018-85DC-E037977DB3C5}.Debug|Any CPU.Build.0 = Debug|Any CPU
		{C62DF9E3-AA6E-4018-85DC-E037977DB3C5}.Release|Any CPU.ActiveCfg = Release|Any CPU
		{C62DF9E3-AA6E-4018-85DC-E037977DB3C5}.Release|Any CPU.Build.0 = Release|Any CPU
	EndGlobalSection
	GlobalSection(SolutionProperties) = preSolution
		HideSolutionNode = FALSE
	EndGlobalSection
	GlobalSection(ExtensibilityGlobals) = postSolution
		SolutionGuid = {1D914D70-06BB-454B-A8B3-43D6D0FA7759}
	EndGlobalSection
EndGlobal
