
Microsoft Visual Studio Solution File, Format Version 12.00
# Visual Studio 15
VisualStudioVersion = 15.0.27004.2005
MinimumVisualStudioVersion = 10.0.40219.1
Project("{FAE04EC0-301F-11D3-BF4B-00C04F79EFBC}") = "Practice-01", "Practice-01\Practice-01.csproj", "{301B6167-364F-4CA1-871E-54C6468AC5BB}"
EndProject
Global
	GlobalSection(SolutionConfigurationPlatforms) = preSolution
		Debug|Any CPU = Debug|Any CPU
		Release|Any CPU = Release|Any CPU
	EndGlobalSection
	GlobalSection(ProjectConfigurationPlatforms) = postSolution
		{301B6167-364F-4CA1-871E-54C6468AC5BB}.Debug|Any CPU.ActiveCfg = Debug|Any CPU
		{301B6167-364F-4CA1-871E-54C6468AC5BB}.Debug|Any CPU.Build.0 = Debug|Any CPU
		{301B6167-364F-4CA1-871E-54C6468AC5BB}.Release|Any CPU.ActiveCfg = Release|Any CPU
		{301B6167-364F-4CA1-871E-54C6468AC5BB}.Release|Any CPU.Build.0 = Release|Any CPU
	EndGlobalSection
	GlobalSection(SolutionProperties) = preSolution
		HideSolutionNode = FALSE
	EndGlobalSection
	GlobalSection(ExtensibilityGlobals) = postSolution
		SolutionGuid = {28F4F915-9A26-438D-A311-25F63496CDAA}
	EndGlobalSection
EndGlobal
