
Microsoft Visual Studio Solution File, Format Version 12.00
# Visual Studio 15
VisualStudioVersion = 15.0.26730.16
MinimumVisualStudioVersion = 10.0.40219.1
Project("{FAE04EC0-301F-11D3-BF4B-00C04F79EFBC}") = "WorkshopEnumGenerics", "WorkshopEnumGenerics\WorkshopEnumGenerics.csproj", "{01A7627B-6681-4351-9DB6-01F55B7E44D6}"
EndProject
Project("{FAE04EC0-301F-11D3-BF4B-00C04F79EFBC}") = "WorkshopEnumGenericsTests", "WorkshopEnumGenericsTests\WorkshopEnumGenericsTests.csproj", "{DA7C5686-73C9-4FF8-B451-1F5068A462EC}"
EndProject
Global
	GlobalSection(SolutionConfigurationPlatforms) = preSolution
		Debug|Any CPU = Debug|Any CPU
		Release|Any CPU = Release|Any CPU
	EndGlobalSection
	GlobalSection(ProjectConfigurationPlatforms) = postSolution
		{01A7627B-6681-4351-9DB6-01F55B7E44D6}.Debug|Any CPU.ActiveCfg = Debug|Any CPU
		{01A7627B-6681-4351-9DB6-01F55B7E44D6}.Debug|Any CPU.Build.0 = Debug|Any CPU
		{01A7627B-6681-4351-9DB6-01F55B7E44D6}.Release|Any CPU.ActiveCfg = Release|Any CPU
		{01A7627B-6681-4351-9DB6-01F55B7E44D6}.Release|Any CPU.Build.0 = Release|Any CPU
		{DA7C5686-73C9-4FF8-B451-1F5068A462EC}.Debug|Any CPU.ActiveCfg = Debug|Any CPU
		{DA7C5686-73C9-4FF8-B451-1F5068A462EC}.Debug|Any CPU.Build.0 = Debug|Any CPU
		{DA7C5686-73C9-4FF8-B451-1F5068A462EC}.Release|Any CPU.ActiveCfg = Release|Any CPU
		{DA7C5686-73C9-4FF8-B451-1F5068A462EC}.Release|Any CPU.Build.0 = Release|Any CPU
	EndGlobalSection
	GlobalSection(SolutionProperties) = preSolution
		HideSolutionNode = FALSE
	EndGlobalSection
	GlobalSection(ExtensibilityGlobals) = postSolution
		SolutionGuid = {93C7EFE4-432C-4A00-962B-D67C72F5B4BF}
	EndGlobalSection
EndGlobal
