
Microsoft Visual Studio Solution File, Format Version 12.00
# Visual Studio 15
VisualStudioVersion = 15.0.26730.16
MinimumVisualStudioVersion = 10.0.40219.1
Project("{FAE04EC0-301F-11D3-BF4B-00C04F79EFBC}") = "TripleTrouble", "TripleTrouble\TripleTrouble.csproj", "{D6961A00-4DB9-4D47-9032-E11BBA58A5FC}"
EndProject
Global
	GlobalSection(SolutionConfigurationPlatforms) = preSolution
		Debug|Any CPU = Debug|Any CPU
		Release|Any CPU = Release|Any CPU
	EndGlobalSection
	GlobalSection(ProjectConfigurationPlatforms) = postSolution
		{D6961A00-4DB9-4D47-9032-E11BBA58A5FC}.Debug|Any CPU.ActiveCfg = Debug|Any CPU
		{D6961A00-4DB9-4D47-9032-E11BBA58A5FC}.Debug|Any CPU.Build.0 = Debug|Any CPU
		{D6961A00-4DB9-4D47-9032-E11BBA58A5FC}.Release|Any CPU.ActiveCfg = Release|Any CPU
		{D6961A00-4DB9-4D47-9032-E11BBA58A5FC}.Release|Any CPU.Build.0 = Release|Any CPU
	EndGlobalSection
	GlobalSection(SolutionProperties) = preSolution
		HideSolutionNode = FALSE
	EndGlobalSection
	GlobalSection(ExtensibilityGlobals) = postSolution
		SolutionGuid = {67E9A308-F535-4094-8050-62E4EE0EDA1C}
	EndGlobalSection
EndGlobal
