
Microsoft Visual Studio Solution File, Format Version 12.00
# Visual Studio 15
VisualStudioVersion = 15.0.26730.12
MinimumVisualStudioVersion = 10.0.40219.1
Project("{FAE04EC0-301F-11D3-BF4B-00C04F79EFBC}") = "GreenFox", "GreenFox\GreenFox.csproj", "{F2B2016F-4432-419F-AD38-ED70C8152CD6}"
EndProject
Global
	GlobalSection(SolutionConfigurationPlatforms) = preSolution
		Debug|Any CPU = Debug|Any CPU
		Release|Any CPU = Release|Any CPU
	EndGlobalSection
	GlobalSection(ProjectConfigurationPlatforms) = postSolution
		{F2B2016F-4432-419F-AD38-ED70C8152CD6}.Debug|Any CPU.ActiveCfg = Debug|Any CPU
		{F2B2016F-4432-419F-AD38-ED70C8152CD6}.Debug|Any CPU.Build.0 = Debug|Any CPU
		{F2B2016F-4432-419F-AD38-ED70C8152CD6}.Release|Any CPU.ActiveCfg = Release|Any CPU
		{F2B2016F-4432-419F-AD38-ED70C8152CD6}.Release|Any CPU.Build.0 = Release|Any CPU
	EndGlobalSection
	GlobalSection(SolutionProperties) = preSolution
		HideSolutionNode = FALSE
	EndGlobalSection
	GlobalSection(ExtensibilityGlobals) = postSolution
		SolutionGuid = {A38CAE2C-CE6E-4F57-9215-0ECEE55606EE}
	EndGlobalSection
EndGlobal
