
Microsoft Visual Studio Solution File, Format Version 12.00
# Visual Studio 15
VisualStudioVersion = 15.0.26730.12
MinimumVisualStudioVersion = 10.0.40219.1
Project("{FAE04EC0-301F-11D3-BF4B-00C04F79EFBC}") = "String2", "String2\String2.csproj", "{489E1C4E-1B6A-4F2B-A912-CF19A1BE292E}"
EndProject
Global
	GlobalSection(SolutionConfigurationPlatforms) = preSolution
		Debug|Any CPU = Debug|Any CPU
		Release|Any CPU = Release|Any CPU
	EndGlobalSection
	GlobalSection(ProjectConfigurationPlatforms) = postSolution
		{489E1C4E-1B6A-4F2B-A912-CF19A1BE292E}.Debug|Any CPU.ActiveCfg = Debug|Any CPU
		{489E1C4E-1B6A-4F2B-A912-CF19A1BE292E}.Debug|Any CPU.Build.0 = Debug|Any CPU
		{489E1C4E-1B6A-4F2B-A912-CF19A1BE292E}.Release|Any CPU.ActiveCfg = Release|Any CPU
		{489E1C4E-1B6A-4F2B-A912-CF19A1BE292E}.Release|Any CPU.Build.0 = Release|Any CPU
	EndGlobalSection
	GlobalSection(SolutionProperties) = preSolution
		HideSolutionNode = FALSE
	EndGlobalSection
	GlobalSection(ExtensibilityGlobals) = postSolution
		SolutionGuid = {8AD57D99-B3EC-43A7-87DE-FEFE17E1A3D3}
	EndGlobalSection
EndGlobal
