
Microsoft Visual Studio Solution File, Format Version 12.00
# Visual Studio 15
VisualStudioVersion = 15.0.27004.2010
MinimumVisualStudioVersion = 10.0.40219.1
Project("{9A19103F-16F7-4668-BE54-9A1E7A4F7556}") = "TodoNet2", "TodoNet2\TodoNet2.csproj", "{3D9992E0-EAD1-4DFE-8DE3-BC9C08157906}"
EndProject
Project("{FAE04EC0-301F-11D3-BF4B-00C04F79EFBC}") = "Tests", "Tests\Tests.csproj", "{44191FBF-2CA4-4C40-A8AE-000B2A36EA0E}"
EndProject
Global
	GlobalSection(SolutionConfigurationPlatforms) = preSolution
		Debug|Any CPU = Debug|Any CPU
		Release|Any CPU = Release|Any CPU
	EndGlobalSection
	GlobalSection(ProjectConfigurationPlatforms) = postSolution
		{3D9992E0-EAD1-4DFE-8DE3-BC9C08157906}.Debug|Any CPU.ActiveCfg = Debug|Any CPU
		{3D9992E0-EAD1-4DFE-8DE3-BC9C08157906}.Debug|Any CPU.Build.0 = Debug|Any CPU
		{3D9992E0-EAD1-4DFE-8DE3-BC9C08157906}.Release|Any CPU.ActiveCfg = Release|Any CPU
		{3D9992E0-EAD1-4DFE-8DE3-BC9C08157906}.Release|Any CPU.Build.0 = Release|Any CPU
		{44191FBF-2CA4-4C40-A8AE-000B2A36EA0E}.Debug|Any CPU.ActiveCfg = Debug|Any CPU
		{44191FBF-2CA4-4C40-A8AE-000B2A36EA0E}.Debug|Any CPU.Build.0 = Debug|Any CPU
		{44191FBF-2CA4-4C40-A8AE-000B2A36EA0E}.Release|Any CPU.ActiveCfg = Release|Any CPU
		{44191FBF-2CA4-4C40-A8AE-000B2A36EA0E}.Release|Any CPU.Build.0 = Release|Any CPU
	EndGlobalSection
	GlobalSection(SolutionProperties) = preSolution
		HideSolutionNode = FALSE
	EndGlobalSection
	GlobalSection(ExtensibilityGlobals) = postSolution
		SolutionGuid = {9721A53C-7EE2-44E0-A29C-EDEBE89256C5}
	EndGlobalSection
EndGlobal
