
Microsoft Visual Studio Solution File, Format Version 12.00
# Visual Studio 15
VisualStudioVersion = 15.0.26730.12
MinimumVisualStudioVersion = 10.0.40219.1
Project("{FAE04EC0-301F-11D3-BF4B-00C04F79EFBC}") = "HorizontalLines", "HorizontalLines\HorizontalLines.csproj", "{9C7ABEEA-9386-4624-915C-D403B56ECB7F}"
EndProject
Global
	GlobalSection(SolutionConfigurationPlatforms) = preSolution
		Debug|Any CPU = Debug|Any CPU
		Release|Any CPU = Release|Any CPU
	EndGlobalSection
	GlobalSection(ProjectConfigurationPlatforms) = postSolution
		{9C7ABEEA-9386-4624-915C-D403B56ECB7F}.Debug|Any CPU.ActiveCfg = Debug|Any CPU
		{9C7ABEEA-9386-4624-915C-D403B56ECB7F}.Debug|Any CPU.Build.0 = Debug|Any CPU
		{9C7ABEEA-9386-4624-915C-D403B56ECB7F}.Release|Any CPU.ActiveCfg = Release|Any CPU
		{9C7ABEEA-9386-4624-915C-D403B56ECB7F}.Release|Any CPU.Build.0 = Release|Any CPU
	EndGlobalSection
	GlobalSection(SolutionProperties) = preSolution
		HideSolutionNode = FALSE
	EndGlobalSection
	GlobalSection(ExtensibilityGlobals) = postSolution
		SolutionGuid = {192DC571-6725-4D46-B8FB-FB856A42FD7F}
	EndGlobalSection
EndGlobal
