
Microsoft Visual Studio Solution File, Format Version 12.00
# Visual Studio 15
VisualStudioVersion = 15.0.26730.12
MinimumVisualStudioVersion = 10.0.40219.1
Project("{FAE04EC0-301F-11D3-BF4B-00C04F79EFBC}") = "GreenFox", "GreenFox\GreenFox.csproj", "{68769729-7B24-4D4C-9F95-79DEA8CF4950}"
EndProject
Global
	GlobalSection(SolutionConfigurationPlatforms) = preSolution
		Debug|Any CPU = Debug|Any CPU
		Release|Any CPU = Release|Any CPU
	EndGlobalSection
	GlobalSection(ProjectConfigurationPlatforms) = postSolution
		{68769729-7B24-4D4C-9F95-79DEA8CF4950}.Debug|Any CPU.ActiveCfg = Debug|Any CPU
		{68769729-7B24-4D4C-9F95-79DEA8CF4950}.Debug|Any CPU.Build.0 = Debug|Any CPU
		{68769729-7B24-4D4C-9F95-79DEA8CF4950}.Release|Any CPU.ActiveCfg = Release|Any CPU
		{68769729-7B24-4D4C-9F95-79DEA8CF4950}.Release|Any CPU.Build.0 = Release|Any CPU
	EndGlobalSection
	GlobalSection(SolutionProperties) = preSolution
		HideSolutionNode = FALSE
	EndGlobalSection
	GlobalSection(ExtensibilityGlobals) = postSolution
		SolutionGuid = {7F217A8B-FD14-449A-855A-6047A6D94B8F}
	EndGlobalSection
EndGlobal
