
Microsoft Visual Studio Solution File, Format Version 12.00
# Visual Studio 15
VisualStudioVersion = 15.0.26730.12
MinimumVisualStudioVersion = 10.0.40219.1
Project("{FAE04EC0-301F-11D3-BF4B-00C04F79EFBC}") = "SmartQueue", "SmartQueue\SmartQueue.csproj", "{A7A9FDEC-FE1E-45FB-98D2-FBE16EB959D1}"
EndProject
Global
	GlobalSection(SolutionConfigurationPlatforms) = preSolution
		Debug|Any CPU = Debug|Any CPU
		Release|Any CPU = Release|Any CPU
	EndGlobalSection
	GlobalSection(ProjectConfigurationPlatforms) = postSolution
		{A7A9FDEC-FE1E-45FB-98D2-FBE16EB959D1}.Debug|Any CPU.ActiveCfg = Debug|Any CPU
		{A7A9FDEC-FE1E-45FB-98D2-FBE16EB959D1}.Debug|Any CPU.Build.0 = Debug|Any CPU
		{A7A9FDEC-FE1E-45FB-98D2-FBE16EB959D1}.Release|Any CPU.ActiveCfg = Release|Any CPU
		{A7A9FDEC-FE1E-45FB-98D2-FBE16EB959D1}.Release|Any CPU.Build.0 = Release|Any CPU
	EndGlobalSection
	GlobalSection(SolutionProperties) = preSolution
		HideSolutionNode = FALSE
	EndGlobalSection
	GlobalSection(ExtensibilityGlobals) = postSolution
		SolutionGuid = {789A7469-4D2C-47EB-B51C-22223B75D50C}
	EndGlobalSection
EndGlobal
