
Microsoft Visual Studio Solution File, Format Version 12.00
# Visual Studio 15
VisualStudioVersion = 15.0.26730.16
MinimumVisualStudioVersion = 10.0.40219.1
Project("{FAE04EC0-301F-11D3-BF4B-00C04F79EFBC}") = "WhichAreIn", "WhichAreIn\WhichAreIn.csproj", "{B552789B-0220-4CF9-AA89-49B423268B41}"
EndProject
Global
	GlobalSection(SolutionConfigurationPlatforms) = preSolution
		Debug|Any CPU = Debug|Any CPU
		Release|Any CPU = Release|Any CPU
	EndGlobalSection
	GlobalSection(ProjectConfigurationPlatforms) = postSolution
		{B552789B-0220-4CF9-AA89-49B423268B41}.Debug|Any CPU.ActiveCfg = Debug|Any CPU
		{B552789B-0220-4CF9-AA89-49B423268B41}.Debug|Any CPU.Build.0 = Debug|Any CPU
		{B552789B-0220-4CF9-AA89-49B423268B41}.Release|Any CPU.ActiveCfg = Release|Any CPU
		{B552789B-0220-4CF9-AA89-49B423268B41}.Release|Any CPU.Build.0 = Release|Any CPU
	EndGlobalSection
	GlobalSection(SolutionProperties) = preSolution
		HideSolutionNode = FALSE
	EndGlobalSection
	GlobalSection(ExtensibilityGlobals) = postSolution
		SolutionGuid = {5B62D09D-1489-4D87-BE9F-6795A15AF0D5}
	EndGlobalSection
EndGlobal
