
Microsoft Visual Studio Solution File, Format Version 12.00
# Visual Studio 15
VisualStudioVersion = 15.0.26730.12
MinimumVisualStudioVersion = 10.0.40219.1
Project("{FAE04EC0-301F-11D3-BF4B-00C04F79EFBC}") = "GreenFox", "GreenFox\GreenFox.csproj", "{A3785843-C76B-4DC8-AAB8-BA68366B246B}"
EndProject
Global
	GlobalSection(SolutionConfigurationPlatforms) = preSolution
		Debug|Any CPU = Debug|Any CPU
		Release|Any CPU = Release|Any CPU
	EndGlobalSection
	GlobalSection(ProjectConfigurationPlatforms) = postSolution
		{A3785843-C76B-4DC8-AAB8-BA68366B246B}.Debug|Any CPU.ActiveCfg = Debug|Any CPU
		{A3785843-C76B-4DC8-AAB8-BA68366B246B}.Debug|Any CPU.Build.0 = Debug|Any CPU
		{A3785843-C76B-4DC8-AAB8-BA68366B246B}.Release|Any CPU.ActiveCfg = Release|Any CPU
		{A3785843-C76B-4DC8-AAB8-BA68366B246B}.Release|Any CPU.Build.0 = Release|Any CPU
	EndGlobalSection
	GlobalSection(SolutionProperties) = preSolution
		HideSolutionNode = FALSE
	EndGlobalSection
	GlobalSection(ExtensibilityGlobals) = postSolution
		SolutionGuid = {86B7D593-1D49-4D05-A28F-5B10EDB16212}
	EndGlobalSection
EndGlobal
